
Microsoft Visual Studio Solution File, Format Version 12.00
# Visual Studio Version 16
VisualStudioVersion = 16.0.33214.272
MinimumVisualStudioVersion = 10.0.40219.1
Project("{FAE04EC0-301F-11D3-BF4B-00C04F79EFBC}") = "Calculadora", "Calculadora\Calculadora.csproj", "{D04B7110-4031-41E8-9453-06D19D3B334E}"
EndProject
Global
	GlobalSection(SolutionConfigurationPlatforms) = preSolution
		Debug|Any CPU = Debug|Any CPU
		Release|Any CPU = Release|Any CPU
	EndGlobalSection
	GlobalSection(ProjectConfigurationPlatforms) = postSolution
		{D04B7110-4031-41E8-9453-06D19D3B334E}.Debug|Any CPU.ActiveCfg = Debug|Any CPU
		{D04B7110-4031-41E8-9453-06D19D3B334E}.Debug|Any CPU.Build.0 = Debug|Any CPU
		{D04B7110-4031-41E8-9453-06D19D3B334E}.Release|Any CPU.ActiveCfg = Release|Any CPU
		{D04B7110-4031-41E8-9453-06D19D3B334E}.Release|Any CPU.Build.0 = Release|Any CPU
	EndGlobalSection
	GlobalSection(SolutionProperties) = preSolution
		HideSolutionNode = FALSE
	EndGlobalSection
	GlobalSection(ExtensibilityGlobals) = postSolution
		SolutionGuid = {BD1F411B-0DA2-4EE4-8B9B-575F6E49A45E}
	EndGlobalSection
EndGlobal
